// !$*UTF8*$!
{
	archiveVersion = 1;
	classes = {
	};
	objectVersion = 55;
	objects = {

/* Begin PBXBuildFile section */
		4A757FEF288B8FBC00CE1CC3 /* AppDelegate.swift in Sources */ = {isa = PBXBuildFile; fileRef = 4A757FEE288B8FBC00CE1CC3 /* AppDelegate.swift */; };
		4A757FF1288B8FBD00CE1CC3 /* SceneDelegate.swift in Sources */ = {isa = PBXBuildFile; fileRef = 4A757FF0288B8FBD00CE1CC3 /* SceneDelegate.swift */; };
		4A757FF3288B8FBD00CE1CC3 /* ViewController.swift in Sources */ = {isa = PBXBuildFile; fileRef = 4A757FF2288B8FBD00CE1CC3 /* ViewController.swift */; };
		4A757FF6288B8FBD00CE1CC3 /* Main.storyboard in Resources */ = {isa = PBXBuildFile; fileRef = 4A757FF4288B8FBD00CE1CC3 /* Main.storyboard */; };
		4A757FF9288B8FBD00CE1CC3 /* Mood_UIKit.xcdatamodeld in Sources */ = {isa = PBXBuildFile; fileRef = 4A757FF7288B8FBD00CE1CC3 /* Mood_UIKit.xcdatamodeld */; };
		4A757FFB288B8FC000CE1CC3 /* Assets.xcassets in Resources */ = {isa = PBXBuildFile; fileRef = 4A757FFA288B8FC000CE1CC3 /* Assets.xcassets */; };
		4A757FFE288B8FC000CE1CC3 /* LaunchScreen.storyboard in Resources */ = {isa = PBXBuildFile; fileRef = 4A757FFC288B8FC000CE1CC3 /* LaunchScreen.storyboard */; };
/* End PBXBuildFile section */

/* Begin PBXFileReference section */
		4A757FEB288B8FBC00CE1CC3 /* Mood-UIKit.app */ = {isa = PBXFileReference; explicitFileType = wrapper.application; includeInIndex = 0; path = "Mood-UIKit.app"; sourceTree = BUILT_PRODUCTS_DIR; };
		4A757FEE288B8FBC00CE1CC3 /* AppDelegate.swift */ = {isa = PBXFileReference; lastKnownFileType = sourcecode.swift; path = AppDelegate.swift; sourceTree = "<group>"; };
		4A757FF0288B8FBD00CE1CC3 /* SceneDelegate.swift */ = {isa = PBXFileReference; lastKnownFileType = sourcecode.swift; path = SceneDelegate.swift; sourceTree = "<group>"; };
		4A757FF2288B8FBD00CE1CC3 /* ViewController.swift */ = {isa = PBXFileReference; lastKnownFileType = sourcecode.swift; path = ViewController.swift; sourceTree = "<group>"; };
		4A757FF5288B8FBD00CE1CC3 /* Base */ = {isa = PBXFileReference; lastKnownFileType = file.storyboard; name = Base; path = Base.lproj/Main.storyboard; sourceTree = "<group>"; };
		4A757FF8288B8FBD00CE1CC3 /* Mood_UIKit.xcdatamodel */ = {isa = PBXFileReference; lastKnownFileType = wrapper.xcdatamodel; path = Mood_UIKit.xcdatamodel; sourceTree = "<group>"; };
		4A757FFA288B8FC000CE1CC3 /* Assets.xcassets */ = {isa = PBXFileReference; lastKnownFileType = folder.assetcatalog; path = Assets.xcassets; sourceTree = "<group>"; };
		4A757FFD288B8FC000CE1CC3 /* Base */ = {isa = PBXFileReference; lastKnownFileType = file.storyboard; name = Base; path = Base.lproj/LaunchScreen.storyboard; sourceTree = "<group>"; };
		4A757FFF288B8FC000CE1CC3 /* Info.plist */ = {isa = PBXFileReference; lastKnownFileType = text.plist.xml; path = Info.plist; sourceTree = "<group>"; };
/* End PBXFileReference section */

/* Begin PBXFrameworksBuildPhase section */
		4A757FE8288B8FBC00CE1CC3 /* Frameworks */ = {
			isa = PBXFrameworksBuildPhase;
			buildActionMask = 2147483647;
			files = (
			);
			runOnlyForDeploymentPostprocessing = 0;
		};
/* End PBXFrameworksBuildPhase section */

/* Begin PBXGroup section */
		4A757FE2288B8FBC00CE1CC3 = {
			isa = PBXGroup;
			children = (
				4A757FED288B8FBC00CE1CC3 /* Mood-UIKit */,
				4A757FEC288B8FBC00CE1CC3 /* Products */,
			);
			sourceTree = "<group>";
		};
		4A757FEC288B8FBC00CE1CC3 /* Products */ = {
			isa = PBXGroup;
			children = (
				4A757FEB288B8FBC00CE1CC3 /* Mood-UIKit.app */,
			);
			name = Products;
			sourceTree = "<group>";
		};
		4A757FED288B8FBC00CE1CC3 /* Mood-UIKit */ = {
			isa = PBXGroup;
			children = (
				4A757FEE288B8FBC00CE1CC3 /* AppDelegate.swift */,
				4A757FF0288B8FBD00CE1CC3 /* SceneDelegate.swift */,
				4A757FF2288B8FBD00CE1CC3 /* ViewController.swift */,
				4A757FF4288B8FBD00CE1CC3 /* Main.storyboard */,
				4A757FFA288B8FC000CE1CC3 /* Assets.xcassets */,
				4A757FFC288B8FC000CE1CC3 /* LaunchScreen.storyboard */,
				4A757FFF288B8FC000CE1CC3 /* Info.plist */,
				4A757FF7288B8FBD00CE1CC3 /* Mood_UIKit.xcdatamodeld */,
			);
			path = "Mood-UIKit";
			sourceTree = "<group>";
		};
/* End PBXGroup section */

/* Begin PBXNativeTarget section */
		4A757FEA288B8FBC00CE1CC3 /* Mood-UIKit */ = {
			isa = PBXNativeTarget;
			buildConfigurationList = 4A758002288B8FC000CE1CC3 /* Build configuration list for PBXNativeTarget "Mood-UIKit" */;
			buildPhases = (
				4A757FE7288B8FBC00CE1CC3 /* Sources */,
				4A757FE8288B8FBC00CE1CC3 /* Frameworks */,
				4A757FE9288B8FBC00CE1CC3 /* Resources */,
			);
			buildRules = (
			);
			dependencies = (
			);
			name = "Mood-UIKit";
			productName = "Mood-UIKit";
			productReference = 4A757FEB288B8FBC00CE1CC3 /* Mood-UIKit.app */;
			productType = "com.apple.product-type.application";
		};
/* End PBXNativeTarget section */

/* Begin PBXProject section */
		4A757FE3288B8FBC00CE1CC3 /* Project object */ = {
			isa = PBXProject;
			attributes = {
				BuildIndependentTargetsInParallel = 1;
				LastSwiftUpdateCheck = 1330;
				LastUpgradeCheck = 1330;
				TargetAttributes = {
					4A757FEA288B8FBC00CE1CC3 = {
						CreatedOnToolsVersion = 13.3;
					};
				};
			};
			buildConfigurationList = 4A757FE6288B8FBC00CE1CC3 /* Build configuration list for PBXProject "Mood-UIKit" */;
			compatibilityVersion = "Xcode 13.0";
			developmentRegion = en;
			hasScannedForEncodings = 0;
			knownRegions = (
				en,
				Base,
			);
			mainGroup = 4A757FE2288B8FBC00CE1CC3;
			productRefGroup = 4A757FEC288B8FBC00CE1CC3 /* Products */;
			projectDirPath = "";
			projectRoot = "";
			targets = (
				4A757FEA288B8FBC00CE1CC3 /* Mood-UIKit */,
			);
		};
/* End PBXProject section */

/* Begin PBXResourcesBuildPhase section */
		4A757FE9288B8FBC00CE1CC3 /* Resources */ = {
			isa = PBXResourcesBuildPhase;
			buildActionMask = 2147483647;
			files = (
				4A757FFE288B8FC000CE1CC3 /* LaunchScreen.storyboard in Resources */,
				4A757FFB288B8FC000CE1CC3 /* Assets.xcassets in Resources */,
				4A757FF6288B8FBD00CE1CC3 /* Main.storyboard in Resources */,
			);
			runOnlyForDeploymentPostprocessing = 0;
		};
/* End PBXResourcesBuildPhase section */

/* Begin PBXSourcesBuildPhase section */
		4A757FE7288B8FBC00CE1CC3 /* Sources */ = {
			isa = PBXSourcesBuildPhase;
			buildActionMask = 2147483647;
			files = (
				4A757FF3288B8FBD00CE1CC3 /* ViewController.swift in Sources */,
				4A757FEF288B8FBC00CE1CC3 /* AppDelegate.swift in Sources */,
				4A757FF1288B8FBD00CE1CC3 /* SceneDelegate.swift in Sources */,
				4A757FF9288B8FBD00CE1CC3 /* Mood_UIKit.xcdatamodeld in Sources */,
			);
			runOnlyForDeploymentPostprocessing = 0;
		};
/* End PBXSourcesBuildPhase section */

/* Begin PBXVariantGroup section */
		4A757FF4288B8FBD00CE1CC3 /* Main.storyboard */ = {
			isa = PBXVariantGroup;
			children = (
				4A757FF5288B8FBD00CE1CC3 /* Base */,
			);
			name = Main.storyboard;
			sourceTree = "<group>";
		};
		4A757FFC288B8FC000CE1CC3 /* LaunchScreen.storyboard */ = {
			isa = PBXVariantGroup;
			children = (
				4A757FFD288B8FC000CE1CC3 /* Base */,
			);
			name = LaunchScreen.storyboard;
			sourceTree = "<group>";
		};
/* End PBXVariantGroup section */

/* Begin XCBuildConfiguration section */
		4A758000288B8FC000CE1CC3 /* Debug */ = {
			isa = XCBuildConfiguration;
			buildSettings = {
				ALWAYS_SEARCH_USER_PATHS = NO;
				CLANG_ANALYZER_NONNULL = YES;
				CLANG_ANALYZER_NUMBER_OBJECT_CONVERSION = YES_AGGRESSIVE;
				CLANG_CXX_LANGUAGE_STANDARD = "gnu++17";
				CLANG_ENABLE_MODULES = YES;
				CLANG_ENABLE_OBJC_ARC = YES;
				CLANG_ENABLE_OBJC_WEAK = YES;
				CLANG_WARN_BLOCK_CAPTURE_AUTORELEASING = YES;
				CLANG_WARN_BOOL_CONVERSION = YES;
				CLANG_WARN_COMMA = YES;
				CLANG_WARN_CONSTANT_CONVERSION = YES;
				CLANG_WARN_DEPRECATED_OBJC_IMPLEMENTATIONS = YES;
				CLANG_WARN_DIRECT_OBJC_ISA_USAGE = YES_ERROR;
				CLANG_WARN_DOCUMENTATION_COMMENTS = YES;
				CLANG_WARN_EMPTY_BODY = YES;
				CLANG_WARN_ENUM_CONVERSION = YES;
				CLANG_WARN_INFINITE_RECURSION = YES;
				CLANG_WARN_INT_CONVERSION = YES;
				CLANG_WARN_NON_LITERAL_NULL_CONVERSION = YES;
				CLANG_WARN_OBJC_IMPLICIT_RETAIN_SELF = YES;
				CLANG_WARN_OBJC_LITERAL_CONVERSION = YES;
				CLANG_WARN_OBJC_ROOT_CLASS = YES_ERROR;
				CLANG_WARN_QUOTED_INCLUDE_IN_FRAMEWORK_HEADER = YES;
				CLANG_WARN_RANGE_LOOP_ANALYSIS = YES;
				CLANG_WARN_STRICT_PROTOTYPES = YES;
				CLANG_WARN_SUSPICIOUS_MOVE = YES;
				CLANG_WARN_UNGUARDED_AVAILABILITY = YES_AGGRESSIVE;
				CLANG_WARN_UNREACHABLE_CODE = YES;
				CLANG_WARN__DUPLICATE_METHOD_MATCH = YES;
				COPY_PHASE_STRIP = NO;
				DEBUG_INFORMATION_FORMAT = dwarf;
				ENABLE_STRICT_OBJC_MSGSEND = YES;
				ENABLE_TESTABILITY = YES;
				GCC_C_LANGUAGE_STANDARD = gnu11;
				GCC_DYNAMIC_NO_PIC = NO;
				GCC_NO_COMMON_BLOCKS = YES;
				GCC_OPTIMIZATION_LEVEL = 0;
				GCC_PREPROCESSOR_DEFINITIONS = (
					"DEBUG=1",
					"$(inherited)",
				);
				GCC_WARN_64_TO_32_BIT_CONVERSION = YES;
				GCC_WARN_ABOUT_RETURN_TYPE = YES_ERROR;
				GCC_WARN_UNDECLARED_SELECTOR = YES;
				GCC_WARN_UNINITIALIZED_AUTOS = YES_AGGRESSIVE;
				GCC_WARN_UNUSED_FUNCTION = YES;
				GCC_WARN_UNUSED_VARIABLE = YES;
				IPHONEOS_DEPLOYMENT_TARGET = 15.4;
				MTL_ENABLE_DEBUG_INFO = INCLUDE_SOURCE;
				MTL_FAST_MATH = YES;
				ONLY_ACTIVE_ARCH = YES;
				SDKROOT = iphoneos;
				SWIFT_ACTIVE_COMPILATION_CONDITIONS = DEBUG;
				SWIFT_OPTIMIZATION_LEVEL = "-Onone";
			};
			name = Debug;
		};
		4A758001288B8FC000CE1CC3 /* Release */ = {
			isa = XCBuildConfiguration;
			buildSettings = {
				ALWAYS_SEARCH_USER_PATHS = NO;
				CLANG_ANALYZER_NONNULL = YES;
				CLANG_ANALYZER_NUMBER_OBJECT_CONVERSION = YES_AGGRESSIVE;
				CLANG_CXX_LANGUAGE_STANDARD = "gnu++17";
				CLANG_ENABLE_MODULES = YES;
				CLANG_ENABLE_OBJC_ARC = YES;
				CLANG_ENABLE_OBJC_WEAK = YES;
				CLANG_WARN_BLOCK_CAPTURE_AUTORELEASING = YES;
				CLANG_WARN_BOOL_CONVERSION = YES;
				CLANG_WARN_COMMA = YES;
				CLANG_WARN_CONSTANT_CONVERSION = YES;
				CLANG_WARN_DEPRECATED_OBJC_IMPLEMENTATIONS = YES;
				CLANG_WARN_DIRECT_OBJC_ISA_USAGE = YES_ERROR;
				CLANG_WARN_DOCUMENTATION_COMMENTS = YES;
				CLANG_WARN_EMPTY_BODY = YES;
				CLANG_WARN_ENUM_CONVERSION = YES;
				CLANG_WARN_INFINITE_RECURSION = YES;
				CLANG_WARN_INT_CONVERSION = YES;
				CLANG_WARN_NON_LITERAL_NULL_CONVERSION = YES;
				CLANG_WARN_OBJC_IMPLICIT_RETAIN_SELF = YES;
				CLANG_WARN_OBJC_LITERAL_CONVERSION = YES;
				CLANG_WARN_OBJC_ROOT_CLASS = YES_ERROR;
				CLANG_WARN_QUOTED_INCLUDE_IN_FRAMEWORK_HEADER = YES;
				CLANG_WARN_RANGE_LOOP_ANALYSIS = YES;
				CLANG_WARN_STRICT_PROTOTYPES = YES;
				CLANG_WARN_SUSPICIOUS_MOVE = YES;
				CLANG_WARN_UNGUARDED_AVAILABILITY = YES_AGGRESSIVE;
				CLANG_WARN_UNREACHABLE_CODE = YES;
				CLANG_WARN__DUPLICATE_METHOD_MATCH = YES;
				COPY_PHASE_STRIP = NO;
				DEBUG_INFORMATION_FORMAT = "dwarf-with-dsym";
				ENABLE_NS_ASSERTIONS = NO;
				ENABLE_STRICT_OBJC_MSGSEND = YES;
				GCC_C_LANGUAGE_STANDARD = gnu11;
				GCC_NO_COMMON_BLOCKS = YES;
				GCC_WARN_64_TO_32_BIT_CONVERSION = YES;
				GCC_WARN_ABOUT_RETURN_TYPE = YES_ERROR;
				GCC_WARN_UNDECLARED_SELECTOR = YES;
				GCC_WARN_UNINITIALIZED_AUTOS = YES_AGGRESSIVE;
				GCC_WARN_UNUSED_FUNCTION = YES;
				GCC_WARN_UNUSED_VARIABLE = YES;
				IPHONEOS_DEPLOYMENT_TARGET = 15.4;
				MTL_ENABLE_DEBUG_INFO = NO;
				MTL_FAST_MATH = YES;
				SDKROOT = iphoneos;
				SWIFT_COMPILATION_MODE = wholemodule;
				SWIFT_OPTIMIZATION_LEVEL = "-O";
				VALIDATE_PRODUCT = YES;
			};
			name = Release;
		};
		4A758003288B8FC000CE1CC3 /* Debug */ = {
			isa = XCBuildConfiguration;
			buildSettings = {
				ASSETCATALOG_COMPILER_APPICON_NAME = AppIcon;
				ASSETCATALOG_COMPILER_GLOBAL_ACCENT_COLOR_NAME = AccentColor;
				CODE_SIGN_STYLE = Automatic;
				CURRENT_PROJECT_VERSION = 1;
				DEVELOPMENT_TEAM = H8TYQ3J2FN;
				GENERATE_INFOPLIST_FILE = YES;
				INFOPLIST_FILE = "Mood-UIKit/Info.plist";
				INFOPLIST_KEY_UIApplicationSupportsIndirectInputEvents = YES;
				INFOPLIST_KEY_UILaunchStoryboardName = LaunchScreen;
				INFOPLIST_KEY_UIMainStoryboardFile = Main;
				INFOPLIST_KEY_UISupportedInterfaceOrientations_iPad = "UIInterfaceOrientationPortrait UIInterfaceOrientationPortraitUpsideDown UIInterfaceOrientationLandscapeLeft UIInterfaceOrientationLandscapeRight";
				INFOPLIST_KEY_UISupportedInterfaceOrientations_iPhone = "UIInterfaceOrientationPortrait UIInterfaceOrientationLandscapeLeft UIInterfaceOrientationLandscapeRight";
				LD_RUNPATH_SEARCH_PATHS = (
					"$(inherited)",
					"@executable_path/Frameworks",
				);
				MARKETING_VERSION = 1.0;
				PRODUCT_BUNDLE_IDENTIFIER = "scg.Mood-UIKit";
				PRODUCT_NAME = "$(TARGET_NAME)";
				SWIFT_EMIT_LOC_STRINGS = YES;
				SWIFT_VERSION = 5.0;
				TARGETED_DEVICE_FAMILY = "1,2";
			};
			name = Debug;
		};
		4A758004288B8FC000CE1CC3 /* Release */ = {
			isa = XCBuildConfiguration;
			buildSettings = {
				ASSETCATALOG_COMPILER_APPICON_NAME = AppIcon;
				ASSETCATALOG_COMPILER_GLOBAL_ACCENT_COLOR_NAME = AccentColor;
				CODE_SIGN_STYLE = Automatic;
				CURRENT_PROJECT_VERSION = 1;
				DEVELOPMENT_TEAM = H8TYQ3J2FN;
				GENERATE_INFOPLIST_FILE = YES;
				INFOPLIST_FILE = "Mood-UIKit/Info.plist";
				INFOPLIST_KEY_UIApplicationSupportsIndirectInputEvents = YES;
				INFOPLIST_KEY_UILaunchStoryboardName = LaunchScreen;
				INFOPLIST_KEY_UIMainStoryboardFile = Main;
				INFOPLIST_KEY_UISupportedInterfaceOrientations_iPad = "UIInterfaceOrientationPortrait UIInterfaceOrientationPortraitUpsideDown UIInterfaceOrientationLandscapeLeft UIInterfaceOrientationLandscapeRight";
				INFOPLIST_KEY_UISupportedInterfaceOrientations_iPhone = "UIInterfaceOrientationPortrait UIInterfaceOrientationLandscapeLeft UIInterfaceOrientationLandscapeRight";
				LD_RUNPATH_SEARCH_PATHS = (
					"$(inherited)",
					"@executable_path/Frameworks",
				);
				MARKETING_VERSION = 1.0;
				PRODUCT_BUNDLE_IDENTIFIER = "scg.Mood-UIKit";
				PRODUCT_NAME = "$(TARGET_NAME)";
				SWIFT_EMIT_LOC_STRINGS = YES;
				SWIFT_VERSION = 5.0;
				TARGETED_DEVICE_FAMILY = "1,2";
			};
			name = Release;
		};
/* End XCBuildConfiguration section */

/* Begin XCConfigurationList section */
		4A757FE6288B8FBC00CE1CC3 /* Build configuration list for PBXProject "Mood-UIKit" */ = {
			isa = XCConfigurationList;
			buildConfigurations = (
				4A758000288B8FC000CE1CC3 /* Debug */,
				4A758001288B8FC000CE1CC3 /* Release */,
			);
			defaultConfigurationIsVisible = 0;
			defaultConfigurationName = Release;
		};
		4A758002288B8FC000CE1CC3 /* Build configuration list for PBXNativeTarget "Mood-UIKit" */ = {
			isa = XCConfigurationList;
			buildConfigurations = (
				4A758003288B8FC000CE1CC3 /* Debug */,
				4A758004288B8FC000CE1CC3 /* Release */,
			);
			defaultConfigurationIsVisible = 0;
			defaultConfigurationName = Release;
		};
/* End XCConfigurationList section */

/* Begin XCVersionGroup section */
		4A757FF7288B8FBD00CE1CC3 /* Mood_UIKit.xcdatamodeld */ = {
			isa = XCVersionGroup;
			children = (
				4A757FF8288B8FBD00CE1CC3 /* Mood_UIKit.xcdatamodel */,
			);
			currentVersion = 4A757FF8288B8FBD00CE1CC3 /* Mood_UIKit.xcdatamodel */;
			path = Mood_UIKit.xcdatamodeld;
			sourceTree = "<group>";
			versionGroupType = wrapper.xcdatamodel;
		};
/* End XCVersionGroup section */
	};
	rootObject = 4A757FE3288B8FBC00CE1CC3 /* Project object */;
}
